// !$*UTF8*$!
{
	archiveVersion = 1;
	classes = {
	};
	objectVersion = 46;
	objects = {

/* Begin PBXBuildFile section */
		5B5A2553BC3921F5EB420449 /* libPods-RSSReader.a in Frameworks */ = {isa = PBXBuildFile; fileRef = AB1472C44E37360B3D9DF40C /* libPods-RSSReader.a */; };
		8623979B1EE182460086DC51 /* AppDelegate.m in Sources */ = {isa = PBXBuildFile; fileRef = 862397971EE182460086DC51 /* AppDelegate.m */; };
		8623979C1EE182460086DC51 /* Assets.xcassets in Resources */ = {isa = PBXBuildFile; fileRef = 862397981EE182460086DC51 /* Assets.xcassets */; };
		8623979E1EE182460086DC51 /* main.m in Sources */ = {isa = PBXBuildFile; fileRef = 8623979A1EE182460086DC51 /* main.m */; };
		862397A41EE1827E0086DC51 /* LaunchScreen.storyboard in Resources */ = {isa = PBXBuildFile; fileRef = 862397A01EE1827E0086DC51 /* LaunchScreen.storyboard */; };
		862397A51EE1827E0086DC51 /* Main.storyboard in Resources */ = {isa = PBXBuildFile; fileRef = 862397A11EE1827E0086DC51 /* Main.storyboard */; };
		862397A61EE1827E0086DC51 /* ViewController.m in Sources */ = {isa = PBXBuildFile; fileRef = 862397A31EE1827E0086DC51 /* ViewController.m */; };
		862397B11EE19BEE0086DC51 /* RSSReader.xcdatamodeld in Sources */ = {isa = PBXBuildFile; fileRef = 862397AF1EE19BEE0086DC51 /* RSSReader.xcdatamodeld */; };
		862397B41EE1A04A0086DC51 /* RRDataManager.m in Sources */ = {isa = PBXBuildFile; fileRef = 862397B31EE1A04A0086DC51 /* RRDataManager.m */; };
		862397B61EE1A62B0086DC51 /* PresetChannels.plist in Resources */ = {isa = PBXBuildFile; fileRef = 862397B51EE1A62B0086DC51 /* PresetChannels.plist */; };
/* End PBXBuildFile section */

/* Begin PBXFileReference section */
		862397781EE181770086DC51 /* RSSReader.app */ = {isa = PBXFileReference; explicitFileType = wrapper.application; includeInIndex = 0; path = RSSReader.app; sourceTree = BUILT_PRODUCTS_DIR; };
		862397961EE182460086DC51 /* AppDelegate.h */ = {isa = PBXFileReference; fileEncoding = 4; lastKnownFileType = sourcecode.c.h; path = AppDelegate.h; sourceTree = "<group>"; };
		862397971EE182460086DC51 /* AppDelegate.m */ = {isa = PBXFileReference; fileEncoding = 4; lastKnownFileType = sourcecode.c.objc; path = AppDelegate.m; sourceTree = "<group>"; };
		862397981EE182460086DC51 /* Assets.xcassets */ = {isa = PBXFileReference; lastKnownFileType = folder.assetcatalog; path = Assets.xcassets; sourceTree = "<group>"; };
		862397991EE182460086DC51 /* Info.plist */ = {isa = PBXFileReference; fileEncoding = 4; lastKnownFileType = text.plist.xml; path = Info.plist; sourceTree = "<group>"; };
		8623979A1EE182460086DC51 /* main.m */ = {isa = PBXFileReference; fileEncoding = 4; lastKnownFileType = sourcecode.c.objc; path = main.m; sourceTree = "<group>"; };
		862397A01EE1827E0086DC51 /* LaunchScreen.storyboard */ = {isa = PBXFileReference; fileEncoding = 4; lastKnownFileType = file.storyboard; path = LaunchScreen.storyboard; sourceTree = "<group>"; };
		862397A11EE1827E0086DC51 /* Main.storyboard */ = {isa = PBXFileReference; fileEncoding = 4; lastKnownFileType = file.storyboard; path = Main.storyboard; sourceTree = "<group>"; };
		862397A21EE1827E0086DC51 /* ViewController.h */ = {isa = PBXFileReference; fileEncoding = 4; lastKnownFileType = sourcecode.c.h; path = ViewController.h; sourceTree = "<group>"; };
		862397A31EE1827E0086DC51 /* ViewController.m */ = {isa = PBXFileReference; fileEncoding = 4; lastKnownFileType = sourcecode.c.objc; path = ViewController.m; sourceTree = "<group>"; };
		862397AB1EE196C60086DC51 /* Macro.h */ = {isa = PBXFileReference; lastKnownFileType = sourcecode.c.h; path = Macro.h; sourceTree = "<group>"; };
		862397AC1EE196DE0086DC51 /* PrefixHeader.pch */ = {isa = PBXFileReference; lastKnownFileType = sourcecode.c.h; path = PrefixHeader.pch; sourceTree = "<group>"; };
		862397B01EE19BEE0086DC51 /* RSSReader.xcdatamodel */ = {isa = PBXFileReference; lastKnownFileType = wrapper.xcdatamodel; path = RSSReader.xcdatamodel; sourceTree = "<group>"; };
		862397B21EE1A04A0086DC51 /* RRDataManager.h */ = {isa = PBXFileReference; fileEncoding = 4; lastKnownFileType = sourcecode.c.h; path = RRDataManager.h; sourceTree = "<group>"; };
		862397B31EE1A04A0086DC51 /* RRDataManager.m */ = {isa = PBXFileReference; fileEncoding = 4; lastKnownFileType = sourcecode.c.objc; path = RRDataManager.m; sourceTree = "<group>"; };
		862397B51EE1A62B0086DC51 /* PresetChannels.plist */ = {isa = PBXFileReference; fileEncoding = 4; lastKnownFileType = text.plist.xml; path = PresetChannels.plist; sourceTree = "<group>"; };
		AB1472C44E37360B3D9DF40C /* libPods-RSSReader.a */ = {isa = PBXFileReference; explicitFileType = archive.ar; includeInIndex = 0; path = "libPods-RSSReader.a"; sourceTree = BUILT_PRODUCTS_DIR; };
		ACC72E3F6C4A4A0EC6815465 /* Pods-RSSReader.release.xcconfig */ = {isa = PBXFileReference; includeInIndex = 1; lastKnownFileType = text.xcconfig; name = "Pods-RSSReader.release.xcconfig"; path = "Pods/Target Support Files/Pods-RSSReader/Pods-RSSReader.release.xcconfig"; sourceTree = "<group>"; };
		E6179A0B0F59085B0D90D9B2 /* Pods-RSSReader.debug.xcconfig */ = {isa = PBXFileReference; includeInIndex = 1; lastKnownFileType = text.xcconfig; name = "Pods-RSSReader.debug.xcconfig"; path = "Pods/Target Support Files/Pods-RSSReader/Pods-RSSReader.debug.xcconfig"; sourceTree = "<group>"; };
/* End PBXFileReference section */

/* Begin PBXFrameworksBuildPhase section */
		862397751EE181770086DC51 /* Frameworks */ = {
			isa = PBXFrameworksBuildPhase;
			buildActionMask = 2147483647;
			files = (
				5B5A2553BC3921F5EB420449 /* libPods-RSSReader.a in Frameworks */,
			);
			runOnlyForDeploymentPostprocessing = 0;
		};
/* End PBXFrameworksBuildPhase section */

/* Begin PBXGroup section */
		69BBAB60269911D8855695CA /* Frameworks */ = {
			isa = PBXGroup;
			children = (
				AB1472C44E37360B3D9DF40C /* libPods-RSSReader.a */,
			);
			name = Frameworks;
			sourceTree = "<group>";
		};
		8623976F1EE181770086DC51 = {
			isa = PBXGroup;
			children = (
				8623977A1EE181770086DC51 /* RSSReader */,
				862397791EE181770086DC51 /* Products */,
				B9F3C0F043E05185C0C7C6B6 /* Pods */,
				69BBAB60269911D8855695CA /* Frameworks */,
			);
			sourceTree = "<group>";
		};
		862397791EE181770086DC51 /* Products */ = {
			isa = PBXGroup;
			children = (
				862397781EE181770086DC51 /* RSSReader.app */,
			);
			name = Products;
			sourceTree = "<group>";
		};
		8623977A1EE181770086DC51 /* RSSReader */ = {
			isa = PBXGroup;
			children = (
				862397A71EE182A80086DC51 /* Data */,
				8623979F1EE1827E0086DC51 /* Screens */,
				862397951EE182460086DC51 /* Supporting Files */,
			);
			path = RSSReader;
			sourceTree = "<group>";
		};
		862397951EE182460086DC51 /* Supporting Files */ = {
			isa = PBXGroup;
			children = (
				862397961EE182460086DC51 /* AppDelegate.h */,
				862397971EE182460086DC51 /* AppDelegate.m */,
				862397981EE182460086DC51 /* Assets.xcassets */,
				862397991EE182460086DC51 /* Info.plist */,
				8623979A1EE182460086DC51 /* main.m */,
				862397AB1EE196C60086DC51 /* Macro.h */,
				862397AC1EE196DE0086DC51 /* PrefixHeader.pch */,
				862397B51EE1A62B0086DC51 /* PresetChannels.plist */,
			);
			path = "Supporting Files";
			sourceTree = "<group>";
		};
		8623979F1EE1827E0086DC51 /* Screens */ = {
			isa = PBXGroup;
			children = (
				862397A01EE1827E0086DC51 /* LaunchScreen.storyboard */,
				862397A11EE1827E0086DC51 /* Main.storyboard */,
				862397A21EE1827E0086DC51 /* ViewController.h */,
				862397A31EE1827E0086DC51 /* ViewController.m */,
			);
			path = Screens;
			sourceTree = "<group>";
		};
		862397A71EE182A80086DC51 /* Data */ = {
			isa = PBXGroup;
			children = (
				862397AD1EE19BEE0086DC51 /* DataManager */,
				862397AE1EE19BEE0086DC51 /* Store */,
			);
			path = Data;
			sourceTree = "<group>";
		};
		862397AD1EE19BEE0086DC51 /* DataManager */ = {
			isa = PBXGroup;
			children = (
				862397B21EE1A04A0086DC51 /* RRDataManager.h */,
				862397B31EE1A04A0086DC51 /* RRDataManager.m */,
			);
			path = DataManager;
			sourceTree = "<group>";
		};
		862397AE1EE19BEE0086DC51 /* Store */ = {
			isa = PBXGroup;
			children = (
				862397AF1EE19BEE0086DC51 /* RSSReader.xcdatamodeld */,
			);
			path = Store;
			sourceTree = "<group>";
		};
		B9F3C0F043E05185C0C7C6B6 /* Pods */ = {
			isa = PBXGroup;
			children = (
				E6179A0B0F59085B0D90D9B2 /* Pods-RSSReader.debug.xcconfig */,
				ACC72E3F6C4A4A0EC6815465 /* Pods-RSSReader.release.xcconfig */,
			);
			name = Pods;
			sourceTree = "<group>";
		};
/* End PBXGroup section */

/* Begin PBXNativeTarget section */
		862397771EE181770086DC51 /* RSSReader */ = {
			isa = PBXNativeTarget;
			buildConfigurationList = 862397921EE181780086DC51 /* Build configuration list for PBXNativeTarget "RSSReader" */;
			buildPhases = (
				23FFDE7D8C67D083D680C027 /* [CP] Check Pods Manifest.lock */,
				862397741EE181770086DC51 /* Sources */,
				862397751EE181770086DC51 /* Frameworks */,
				862397761EE181770086DC51 /* Resources */,
				3D080D53563C9F19937F1908 /* [CP] Embed Pods Frameworks */,
				7B0566E4D665AAF447F7C72D /* [CP] Copy Pods Resources */,
			);
			buildRules = (
			);
			dependencies = (
			);
			name = RSSReader;
			productName = RSSReader;
			productReference = 862397781EE181770086DC51 /* RSSReader.app */;
			productType = "com.apple.product-type.application";
		};
/* End PBXNativeTarget section */

/* Begin PBXProject section */
		862397701EE181770086DC51 /* Project object */ = {
			isa = PBXProject;
			attributes = {
				LastUpgradeCheck = 0830;
				ORGANIZATIONNAME = "Kuznetsov Aleksey";
				TargetAttributes = {
					862397771EE181770086DC51 = {
						CreatedOnToolsVersion = 8.3.2;
						DevelopmentTeam = MU2U9Q7TFR;
						ProvisioningStyle = Automatic;
					};
				};
			};
			buildConfigurationList = 862397731EE181770086DC51 /* Build configuration list for PBXProject "RSSReader" */;
			compatibilityVersion = "Xcode 3.2";
			developmentRegion = English;
			hasScannedForEncodings = 0;
			knownRegions = (
				en,
				Base,
			);
			mainGroup = 8623976F1EE181770086DC51;
			productRefGroup = 862397791EE181770086DC51 /* Products */;
			projectDirPath = "";
			projectRoot = "";
			targets = (
				862397771EE181770086DC51 /* RSSReader */,
			);
		};
/* End PBXProject section */

/* Begin PBXResourcesBuildPhase section */
		862397761EE181770086DC51 /* Resources */ = {
			isa = PBXResourcesBuildPhase;
			buildActionMask = 2147483647;
			files = (
				862397A41EE1827E0086DC51 /* LaunchScreen.storyboard in Resources */,
				862397B61EE1A62B0086DC51 /* PresetChannels.plist in Resources */,
				8623979C1EE182460086DC51 /* Assets.xcassets in Resources */,
				862397A51EE1827E0086DC51 /* Main.storyboard in Resources */,
			);
			runOnlyForDeploymentPostprocessing = 0;
		};
/* End PBXResourcesBuildPhase section */

/* Begin PBXShellScriptBuildPhase section */
		23FFDE7D8C67D083D680C027 /* [CP] Check Pods Manifest.lock */ = {
			isa = PBXShellScriptBuildPhase;
			buildActionMask = 2147483647;
			files = (
			);
			inputPaths = (
			);
			name = "[CP] Check Pods Manifest.lock";
			outputPaths = (
			);
			runOnlyForDeploymentPostprocessing = 0;
			shellPath = /bin/sh;
			shellScript = "diff \"${PODS_PODFILE_DIR_PATH}/Podfile.lock\" \"${PODS_ROOT}/Manifest.lock\" > /dev/null\nif [ $? != 0 ] ; then\n    # print error to STDERR\n    echo \"error: The sandbox is not in sync with the Podfile.lock. Run 'pod install' or update your CocoaPods installation.\" >&2\n    exit 1\nfi\n";
			showEnvVarsInLog = 0;
		};
		3D080D53563C9F19937F1908 /* [CP] Embed Pods Frameworks */ = {
			isa = PBXShellScriptBuildPhase;
			buildActionMask = 2147483647;
			files = (
			);
			inputPaths = (
			);
			name = "[CP] Embed Pods Frameworks";
			outputPaths = (
			);
			runOnlyForDeploymentPostprocessing = 0;
			shellPath = /bin/sh;
			shellScript = "\"${SRCROOT}/Pods/Target Support Files/Pods-RSSReader/Pods-RSSReader-frameworks.sh\"\n";
			showEnvVarsInLog = 0;
		};
		7B0566E4D665AAF447F7C72D /* [CP] Copy Pods Resources */ = {
			isa = PBXShellScriptBuildPhase;
			buildActionMask = 2147483647;
			files = (
			);
			inputPaths = (
			);
			name = "[CP] Copy Pods Resources";
			outputPaths = (
			);
			runOnlyForDeploymentPostprocessing = 0;
			shellPath = /bin/sh;
			shellScript = "\"${SRCROOT}/Pods/Target Support Files/Pods-RSSReader/Pods-RSSReader-resources.sh\"\n";
			showEnvVarsInLog = 0;
		};
/* End PBXShellScriptBuildPhase section */

/* Begin PBXSourcesBuildPhase section */
		862397741EE181770086DC51 /* Sources */ = {
			isa = PBXSourcesBuildPhase;
			buildActionMask = 2147483647;
			files = (
				8623979E1EE182460086DC51 /* main.m in Sources */,
				862397B11EE19BEE0086DC51 /* RSSReader.xcdatamodeld in Sources */,
				862397B41EE1A04A0086DC51 /* RRDataManager.m in Sources */,
				8623979B1EE182460086DC51 /* AppDelegate.m in Sources */,
				862397A61EE1827E0086DC51 /* ViewController.m in Sources */,
			);
			runOnlyForDeploymentPostprocessing = 0;
		};
/* End PBXSourcesBuildPhase section */

/* Begin XCBuildConfiguration section */
		862397901EE181780086DC51 /* Debug */ = {
			isa = XCBuildConfiguration;
			buildSettings = {
				ALWAYS_SEARCH_USER_PATHS = NO;
				CLANG_ANALYZER_NONNULL = YES;
				CLANG_ANALYZER_NUMBER_OBJECT_CONVERSION = YES_AGGRESSIVE;
				CLANG_CXX_LANGUAGE_STANDARD = "gnu++0x";
				CLANG_CXX_LIBRARY = "libc++";
				CLANG_ENABLE_MODULES = YES;
				CLANG_ENABLE_OBJC_ARC = YES;
				CLANG_WARN_BOOL_CONVERSION = YES;
				CLANG_WARN_CONSTANT_CONVERSION = YES;
				CLANG_WARN_DIRECT_OBJC_ISA_USAGE = YES_ERROR;
				CLANG_WARN_DOCUMENTATION_COMMENTS = YES;
				CLANG_WARN_EMPTY_BODY = YES;
				CLANG_WARN_ENUM_CONVERSION = YES;
				CLANG_WARN_INFINITE_RECURSION = YES;
				CLANG_WARN_INT_CONVERSION = YES;
				CLANG_WARN_OBJC_ROOT_CLASS = YES_ERROR;
				CLANG_WARN_SUSPICIOUS_MOVE = YES;
				CLANG_WARN_UNREACHABLE_CODE = YES;
				CLANG_WARN__DUPLICATE_METHOD_MATCH = YES;
				"CODE_SIGN_IDENTITY[sdk=iphoneos*]" = "iPhone Developer";
				COPY_PHASE_STRIP = NO;
				DEBUG_INFORMATION_FORMAT = dwarf;
				ENABLE_STRICT_OBJC_MSGSEND = YES;
				ENABLE_TESTABILITY = YES;
				GCC_C_LANGUAGE_STANDARD = gnu99;
				GCC_DYNAMIC_NO_PIC = NO;
				GCC_NO_COMMON_BLOCKS = YES;
				GCC_OPTIMIZATION_LEVEL = 0;
				GCC_PREPROCESSOR_DEFINITIONS = (
					"DEBUG=1",
					"$(inherited)",
				);
				GCC_WARN_64_TO_32_BIT_CONVERSION = YES;
				GCC_WARN_ABOUT_RETURN_TYPE = YES_ERROR;
				GCC_WARN_UNDECLARED_SELECTOR = YES;
				GCC_WARN_UNINITIALIZED_AUTOS = YES_AGGRESSIVE;
				GCC_WARN_UNUSED_FUNCTION = YES;
				GCC_WARN_UNUSED_VARIABLE = YES;
				IPHONEOS_DEPLOYMENT_TARGET = 10.3;
				MTL_ENABLE_DEBUG_INFO = YES;
				ONLY_ACTIVE_ARCH = YES;
				SDKROOT = iphoneos;
				TARGETED_DEVICE_FAMILY = "1,2";
			};
			name = Debug;
		};
		862397911EE181780086DC51 /* Release */ = {
			isa = XCBuildConfiguration;
			buildSettings = {
				ALWAYS_SEARCH_USER_PATHS = NO;
				CLANG_ANALYZER_NONNULL = YES;
				CLANG_ANALYZER_NUMBER_OBJECT_CONVERSION = YES_AGGRESSIVE;
				CLANG_CXX_LANGUAGE_STANDARD = "gnu++0x";
				CLANG_CXX_LIBRARY = "libc++";
				CLANG_ENABLE_MODULES = YES;
				CLANG_ENABLE_OBJC_ARC = YES;
				CLANG_WARN_BOOL_CONVERSION = YES;
				CLANG_WARN_CONSTANT_CONVERSION = YES;
				CLANG_WARN_DIRECT_OBJC_ISA_USAGE = YES_ERROR;
				CLANG_WARN_DOCUMENTATION_COMMENTS = YES;
				CLANG_WARN_EMPTY_BODY = YES;
				CLANG_WARN_ENUM_CONVERSION = YES;
				CLANG_WARN_INFINITE_RECURSION = YES;
				CLANG_WARN_INT_CONVERSION = YES;
				CLANG_WARN_OBJC_ROOT_CLASS = YES_ERROR;
				CLANG_WARN_SUSPICIOUS_MOVE = YES;
				CLANG_WARN_UNREACHABLE_CODE = YES;
				CLANG_WARN__DUPLICATE_METHOD_MATCH = YES;
				"CODE_SIGN_IDENTITY[sdk=iphoneos*]" = "iPhone Developer";
				COPY_PHASE_STRIP = NO;
				DEBUG_INFORMATION_FORMAT = "dwarf-with-dsym";
				ENABLE_NS_ASSERTIONS = NO;
				ENABLE_STRICT_OBJC_MSGSEND = YES;
				GCC_C_LANGUAGE_STANDARD = gnu99;
				GCC_NO_COMMON_BLOCKS = YES;
				GCC_WARN_64_TO_32_BIT_CONVERSION = YES;
				GCC_WARN_ABOUT_RETURN_TYPE = YES_ERROR;
				GCC_WARN_UNDECLARED_SELECTOR = YES;
				GCC_WARN_UNINITIALIZED_AUTOS = YES_AGGRESSIVE;
				GCC_WARN_UNUSED_FUNCTION = YES;
				GCC_WARN_UNUSED_VARIABLE = YES;
				IPHONEOS_DEPLOYMENT_TARGET = 10.3;
				MTL_ENABLE_DEBUG_INFO = NO;
				SDKROOT = iphoneos;
				TARGETED_DEVICE_FAMILY = "1,2";
				VALIDATE_PRODUCT = YES;
			};
			name = Release;
		};
		862397931EE181780086DC51 /* Debug */ = {
			isa = XCBuildConfiguration;
			baseConfigurationReference = E6179A0B0F59085B0D90D9B2 /* Pods-RSSReader.debug.xcconfig */;
			buildSettings = {
				ASSETCATALOG_COMPILER_APPICON_NAME = AppIcon;
				DEVELOPMENT_TEAM = MU2U9Q7TFR;
				GCC_PRECOMPILE_PREFIX_HEADER = YES;
				GCC_PREFIX_HEADER = "$(SRCROOT)/$(PROJECT_NAME)/Supporting Files/PrefixHeader.pch";
				INFOPLIST_FILE = "RSSReader/Supporting Files/Info.plist";
				IPHONEOS_DEPLOYMENT_TARGET = 8.0;
				LD_RUNPATH_SEARCH_PATHS = "$(inherited) @executable_path/Frameworks";
				PRODUCT_BUNDLE_IDENTIFIER = KAD.RSSReader;
				PRODUCT_NAME = "$(TARGET_NAME)";
			};
			name = Debug;
		};
		862397941EE181780086DC51 /* Release */ = {
			isa = XCBuildConfiguration;
			baseConfigurationReference = ACC72E3F6C4A4A0EC6815465 /* Pods-RSSReader.release.xcconfig */;
			buildSettings = {
				ASSETCATALOG_COMPILER_APPICON_NAME = AppIcon;
				DEVELOPMENT_TEAM = MU2U9Q7TFR;
				GCC_PRECOMPILE_PREFIX_HEADER = YES;
				GCC_PREFIX_HEADER = "$(SRCROOT)/$(PROJECT_NAME)/Supporting Files/PrefixHeader.pch";
				INFOPLIST_FILE = "RSSReader/Supporting Files/Info.plist";
				IPHONEOS_DEPLOYMENT_TARGET = 8.0;
				LD_RUNPATH_SEARCH_PATHS = "$(inherited) @executable_path/Frameworks";
				PRODUCT_BUNDLE_IDENTIFIER = KAD.RSSReader;
				PRODUCT_NAME = "$(TARGET_NAME)";
			};
			name = Release;
		};
/* End XCBuildConfiguration section */

/* Begin XCConfigurationList section */
		862397731EE181770086DC51 /* Build configuration list for PBXProject "RSSReader" */ = {
			isa = XCConfigurationList;
			buildConfigurations = (
				862397901EE181780086DC51 /* Debug */,
				862397911EE181780086DC51 /* Release */,
			);
			defaultConfigurationIsVisible = 0;
			defaultConfigurationName = Release;
		};
		862397921EE181780086DC51 /* Build configuration list for PBXNativeTarget "RSSReader" */ = {
			isa = XCConfigurationList;
			buildConfigurations = (
				862397931EE181780086DC51 /* Debug */,
				862397941EE181780086DC51 /* Release */,
			);
			defaultConfigurationIsVisible = 0;
			defaultConfigurationName = Release;
		};
/* End XCConfigurationList section */

/* Begin XCVersionGroup section */
		862397AF1EE19BEE0086DC51 /* RSSReader.xcdatamodeld */ = {
			isa = XCVersionGroup;
			children = (
				862397B01EE19BEE0086DC51 /* RSSReader.xcdatamodel */,
			);
			currentVersion = 862397B01EE19BEE0086DC51 /* RSSReader.xcdatamodel */;
			path = RSSReader.xcdatamodeld;
			sourceTree = "<group>";
			versionGroupType = wrapper.xcdatamodel;
		};
/* End XCVersionGroup section */
	};
	rootObject = 862397701EE181770086DC51 /* Project object */;
}
